
Microsoft Visual Studio Solution File, Format Version 12.00
# Visual Studio Version 17
VisualStudioVersion = 17.13.35931.197
MinimumVisualStudioVersion = 10.0.40219.1
Project("{FAE04EC0-301F-11D3-BF4B-00C04F79EFBC}") = "BiolifeOrganic.Dll", "BiolifeOrganic.Domain\BiolifeOrganic.Dll.csproj", "{3FD479AB-CBE5-4BD6-A9BF-BF719A8908FA}"
EndProject
Project("{FAE04EC0-301F-11D3-BF4B-00C04F79EFBC}") = "BiolifeOrganic.MVC", "BiolifeOrganic.MVC\BiolifeOrganic.MVC.csproj", "{072211BA-C797-4875-AF35-3B093A2729F1}"
EndProject
Project("{FAE04EC0-301F-11D3-BF4B-00C04F79EFBC}") = "BiolifeOrganic.Bll", "BiolifeOrganic.Bll\BiolifeOrganic.Bll.csproj", "{6CBA0370-97A4-424E-8B45-BEE69DC3ECE1}"
EndProject
Global
	GlobalSection(SolutionConfigurationPlatforms) = preSolution
		Debug|Any CPU = Debug|Any CPU
		Release|Any CPU = Release|Any CPU
	EndGlobalSection
	GlobalSection(ProjectConfigurationPlatforms) = postSolution
		{3FD479AB-CBE5-4BD6-A9BF-BF719A8908FA}.Debug|Any CPU.ActiveCfg = Debug|Any CPU
		{3FD479AB-CBE5-4BD6-A9BF-BF719A8908FA}.Debug|Any CPU.Build.0 = Debug|Any CPU
		{3FD479AB-CBE5-4BD6-A9BF-BF719A8908FA}.Release|Any CPU.ActiveCfg = Release|Any CPU
		{3FD479AB-CBE5-4BD6-A9BF-BF719A8908FA}.Release|Any CPU.Build.0 = Release|Any CPU
		{072211BA-C797-4875-AF35-3B093A2729F1}.Debug|Any CPU.ActiveCfg = Debug|Any CPU
		{072211BA-C797-4875-AF35-3B093A2729F1}.Debug|Any CPU.Build.0 = Debug|Any CPU
		{072211BA-C797-4875-AF35-3B093A2729F1}.Release|Any CPU.ActiveCfg = Release|Any CPU
		{072211BA-C797-4875-AF35-3B093A2729F1}.Release|Any CPU.Build.0 = Release|Any CPU
		{6CBA0370-97A4-424E-8B45-BEE69DC3ECE1}.Debug|Any CPU.ActiveCfg = Debug|Any CPU
		{6CBA0370-97A4-424E-8B45-BEE69DC3ECE1}.Debug|Any CPU.Build.0 = Debug|Any CPU
		{6CBA0370-97A4-424E-8B45-BEE69DC3ECE1}.Release|Any CPU.ActiveCfg = Release|Any CPU
		{6CBA0370-97A4-424E-8B45-BEE69DC3ECE1}.Release|Any CPU.Build.0 = Release|Any CPU
	EndGlobalSection
	GlobalSection(SolutionProperties) = preSolution
		HideSolutionNode = FALSE
	EndGlobalSection
	GlobalSection(ExtensibilityGlobals) = postSolution
		SolutionGuid = {30D1BCFB-8BC4-4E3D-9A87-FB6D85A29C2D}
	EndGlobalSection
EndGlobal
